
Microsoft Visual Studio Solution File, Format Version 12.00
# Visual Studio 15
Project("{FAE04EC0-301F-11D3-BF4B-00C04F79EFBC}") = "Assembly-CSharp", "Assembly-CSharp.csproj", "{3486E276-F6D7-C94F-6C89-F86862F27577}"
EndProject
Global
	GlobalSection(SolutionConfigurationPlatforms) = preSolution
		Debug|Any CPU = Debug|Any CPU
		Release|Any CPU = Release|Any CPU
	EndGlobalSection
	GlobalSection(ProjectConfigurationPlatforms) = postSolution
		{3486E276-F6D7-C94F-6C89-F86862F27577}.Debug|Any CPU.ActiveCfg = Debug|Any CPU
		{3486E276-F6D7-C94F-6C89-F86862F27577}.Debug|Any CPU.Build.0 = Debug|Any CPU
		{3486E276-F6D7-C94F-6C89-F86862F27577}.Release|Any CPU.ActiveCfg = Release|Any CPU
		{3486E276-F6D7-C94F-6C89-F86862F27577}.Release|Any CPU.Build.0 = Release|Any CPU
	EndGlobalSection
	GlobalSection(SolutionProperties) = preSolution
		HideSolutionNode = FALSE
	EndGlobalSection
EndGlobal
